
Microsoft Visual Studio Solution File, Format Version 12.00
# Visual Studio Version 17
VisualStudioVersion = 17.3.32901.215
MinimumVisualStudioVersion = 10.0.40219.1
Project("{F184B08F-C81C-45F6-A57F-5ABD9991F28F}") = "FlightTicketingVB", "FlightTicketingVB\FlightTicketingVB.vbproj", "{F3E5DA36-9F9F-4436-A5CF-117956EB608E}"
EndProject
Global
	GlobalSection(SolutionConfigurationPlatforms) = preSolution
		Debug|Any CPU = Debug|Any CPU
		Release|Any CPU = Release|Any CPU
	EndGlobalSection
	GlobalSection(ProjectConfigurationPlatforms) = postSolution
		{F3E5DA36-9F9F-4436-A5CF-117956EB608E}.Debug|Any CPU.ActiveCfg = Debug|Any CPU
		{F3E5DA36-9F9F-4436-A5CF-117956EB608E}.Debug|Any CPU.Build.0 = Debug|Any CPU
		{F3E5DA36-9F9F-4436-A5CF-117956EB608E}.Release|Any CPU.ActiveCfg = Release|Any CPU
		{F3E5DA36-9F9F-4436-A5CF-117956EB608E}.Release|Any CPU.Build.0 = Release|Any CPU
	EndGlobalSection
	GlobalSection(SolutionProperties) = preSolution
		HideSolutionNode = FALSE
	EndGlobalSection
	GlobalSection(ExtensibilityGlobals) = postSolution
		SolutionGuid = {84E43C39-30F3-4C04-A3EC-89453C591C24}
	EndGlobalSection
EndGlobal
